# generated by rye
# use `rye lock` or `rye sync` to update this lockfile
#
# last locked with the following flags:
#   pre: false
#   features: []
#   all-features: false

-e file:.
bleach==6.0.0
build==0.10.0
certifi==2023.7.22
cffi==1.15.1
charset-normalizer==3.2.0
cryptography==41.0.3
dataclass-wizard==0.22.2
docutils==0.20.1
exceptiongroup==1.1.2
idna==3.4
importlib-metadata==6.7.0
importlib-resources==5.12.0
iniconfig==2.0.0
jaraco-classes==3.2.3
jeepney==0.8.0
keyring==24.1.1
markdown-it-py==2.2.0
mdurl==0.1.2
more-itertools==9.1.0
packaging==23.1
pillow==9.5.0
pkginfo==1.9.6
pluggy==1.2.0
pycparser==2.21
pygments==2.16.0
pyproject-hooks==1.0.0
pytest==7.4.0
pytest-dependency==0.5.1
readme-renderer==37.3
requests==2.31.0
requests-toolbelt==1.0.0
rfc3986==2.0.0
rich==13.5.2
secretstorage==3.3.3
six==1.16.0
tomli==2.0.1
twine==4.0.2
typing-extensions==4.7.1
urllib3==2.0.4
webencodings==0.5.1
zipp==3.15.0
