# generated by rye
# use `rye lock` or `rye sync` to update this lockfile
#
# last locked with the following flags:
#   pre: false
#   features: []
#   all-features: false

-e file:.
certifi==2023.7.22
charset-normalizer==3.2.0
dataclass-wizard==0.22.2
idna==3.4
requests==2.31.0
typing-extensions==4.7.1
urllib3==2.0.4
